
Microsoft Visual Studio Solution File, Format Version 12.00
# Visual Studio 15
VisualStudioVersion = 15.0.27703.2042
MinimumVisualStudioVersion = 10.0.40219.1
Project("{FAE04EC0-301F-11D3-BF4B-00C04F79EFBC}") = "Cache", "Cache\Cache.csproj", "{F51D586E-15AC-4CF6-A5C0-67DFFE20A663}"
EndProject
Project("{FAE04EC0-301F-11D3-BF4B-00C04F79EFBC}") = "Tests", "Tests\Tests.csproj", "{D6F60127-E7EC-4076-86AD-C5198C0072E1}"
EndProject
Project("{FAE04EC0-301F-11D3-BF4B-00C04F79EFBC}") = "ClientApp", "ClientApp\ClientApp.csproj", "{F2C653B6-F713-40EF-A14A-F9C90113EBE9}"
EndProject
Project("{FAE04EC0-301F-11D3-BF4B-00C04F79EFBC}") = "Mocks", "Mocks\Mocks.csproj", "{0B7F67A9-A533-4E69-AFC0-EBE49FD18E07}"
EndProject
Project("{8BC9CEB8-8B4A-11D0-8D11-00A0C91BC942}") = "CacheSet", "CacheSet\CacheSet.vcxproj", "{0A74730A-7399-4ABD-86EE-F12ACAA446FF}"
EndProject
Project("{FAE04EC0-301F-11D3-BF4B-00C04F79EFBC}") = "SharedLibrary", "SharedLibrary\SharedLibrary.csproj", "{E0445092-A3C2-46A7-83D7-8CAC3F67A657}"
EndProject
Project("{FAE04EC0-301F-11D3-BF4B-00C04F79EFBC}") = "Set", "Set\Set.csproj", "{2C645698-5747-4E59-85A6-2419951F14D3}"
EndProject
Global
	GlobalSection(SolutionConfigurationPlatforms) = preSolution
		Debug|Any CPU = Debug|Any CPU
		Debug|x64 = Debug|x64
		Debug|x86 = Debug|x86
		Release|Any CPU = Release|Any CPU
		Release|x64 = Release|x64
		Release|x86 = Release|x86
	EndGlobalSection
	GlobalSection(ProjectConfigurationPlatforms) = postSolution
		{F51D586E-15AC-4CF6-A5C0-67DFFE20A663}.Debug|Any CPU.ActiveCfg = Debug|Any CPU
		{F51D586E-15AC-4CF6-A5C0-67DFFE20A663}.Debug|Any CPU.Build.0 = Debug|Any CPU
		{F51D586E-15AC-4CF6-A5C0-67DFFE20A663}.Debug|x64.ActiveCfg = Debug|Any CPU
		{F51D586E-15AC-4CF6-A5C0-67DFFE20A663}.Debug|x64.Build.0 = Debug|Any CPU
		{F51D586E-15AC-4CF6-A5C0-67DFFE20A663}.Debug|x86.ActiveCfg = Debug|Any CPU
		{F51D586E-15AC-4CF6-A5C0-67DFFE20A663}.Debug|x86.Build.0 = Debug|Any CPU
		{F51D586E-15AC-4CF6-A5C0-67DFFE20A663}.Release|Any CPU.ActiveCfg = Release|Any CPU
		{F51D586E-15AC-4CF6-A5C0-67DFFE20A663}.Release|Any CPU.Build.0 = Release|Any CPU
		{F51D586E-15AC-4CF6-A5C0-67DFFE20A663}.Release|x64.ActiveCfg = Release|Any CPU
		{F51D586E-15AC-4CF6-A5C0-67DFFE20A663}.Release|x64.Build.0 = Release|Any CPU
		{F51D586E-15AC-4CF6-A5C0-67DFFE20A663}.Release|x86.ActiveCfg = Release|Any CPU
		{F51D586E-15AC-4CF6-A5C0-67DFFE20A663}.Release|x86.Build.0 = Release|Any CPU
		{D6F60127-E7EC-4076-86AD-C5198C0072E1}.Debug|Any CPU.ActiveCfg = Debug|Any CPU
		{D6F60127-E7EC-4076-86AD-C5198C0072E1}.Debug|Any CPU.Build.0 = Debug|Any CPU
		{D6F60127-E7EC-4076-86AD-C5198C0072E1}.Debug|x64.ActiveCfg = Debug|Any CPU
		{D6F60127-E7EC-4076-86AD-C5198C0072E1}.Debug|x64.Build.0 = Debug|Any CPU
		{D6F60127-E7EC-4076-86AD-C5198C0072E1}.Debug|x86.ActiveCfg = Debug|Any CPU
		{D6F60127-E7EC-4076-86AD-C5198C0072E1}.Debug|x86.Build.0 = Debug|Any CPU
		{D6F60127-E7EC-4076-86AD-C5198C0072E1}.Release|Any CPU.ActiveCfg = Release|Any CPU
		{D6F60127-E7EC-4076-86AD-C5198C0072E1}.Release|Any CPU.Build.0 = Release|Any CPU
		{D6F60127-E7EC-4076-86AD-C5198C0072E1}.Release|x64.ActiveCfg = Release|Any CPU
		{D6F60127-E7EC-4076-86AD-C5198C0072E1}.Release|x64.Build.0 = Release|Any CPU
		{D6F60127-E7EC-4076-86AD-C5198C0072E1}.Release|x86.ActiveCfg = Release|Any CPU
		{D6F60127-E7EC-4076-86AD-C5198C0072E1}.Release|x86.Build.0 = Release|Any CPU
		{F2C653B6-F713-40EF-A14A-F9C90113EBE9}.Debug|Any CPU.ActiveCfg = Debug|Any CPU
		{F2C653B6-F713-40EF-A14A-F9C90113EBE9}.Debug|Any CPU.Build.0 = Debug|Any CPU
		{F2C653B6-F713-40EF-A14A-F9C90113EBE9}.Debug|x64.ActiveCfg = Debug|Any CPU
		{F2C653B6-F713-40EF-A14A-F9C90113EBE9}.Debug|x64.Build.0 = Debug|Any CPU
		{F2C653B6-F713-40EF-A14A-F9C90113EBE9}.Debug|x86.ActiveCfg = Debug|Any CPU
		{F2C653B6-F713-40EF-A14A-F9C90113EBE9}.Debug|x86.Build.0 = Debug|Any CPU
		{F2C653B6-F713-40EF-A14A-F9C90113EBE9}.Release|Any CPU.ActiveCfg = Release|Any CPU
		{F2C653B6-F713-40EF-A14A-F9C90113EBE9}.Release|Any CPU.Build.0 = Release|Any CPU
		{F2C653B6-F713-40EF-A14A-F9C90113EBE9}.Release|x64.ActiveCfg = Release|Any CPU
		{F2C653B6-F713-40EF-A14A-F9C90113EBE9}.Release|x64.Build.0 = Release|Any CPU
		{F2C653B6-F713-40EF-A14A-F9C90113EBE9}.Release|x86.ActiveCfg = Release|Any CPU
		{F2C653B6-F713-40EF-A14A-F9C90113EBE9}.Release|x86.Build.0 = Release|Any CPU
		{0B7F67A9-A533-4E69-AFC0-EBE49FD18E07}.Debug|Any CPU.ActiveCfg = Debug|Any CPU
		{0B7F67A9-A533-4E69-AFC0-EBE49FD18E07}.Debug|Any CPU.Build.0 = Debug|Any CPU
		{0B7F67A9-A533-4E69-AFC0-EBE49FD18E07}.Debug|x64.ActiveCfg = Debug|Any CPU
		{0B7F67A9-A533-4E69-AFC0-EBE49FD18E07}.Debug|x64.Build.0 = Debug|Any CPU
		{0B7F67A9-A533-4E69-AFC0-EBE49FD18E07}.Debug|x86.ActiveCfg = Debug|Any CPU
		{0B7F67A9-A533-4E69-AFC0-EBE49FD18E07}.Debug|x86.Build.0 = Debug|Any CPU
		{0B7F67A9-A533-4E69-AFC0-EBE49FD18E07}.Release|Any CPU.ActiveCfg = Release|Any CPU
		{0B7F67A9-A533-4E69-AFC0-EBE49FD18E07}.Release|Any CPU.Build.0 = Release|Any CPU
		{0B7F67A9-A533-4E69-AFC0-EBE49FD18E07}.Release|x64.ActiveCfg = Release|Any CPU
		{0B7F67A9-A533-4E69-AFC0-EBE49FD18E07}.Release|x64.Build.0 = Release|Any CPU
		{0B7F67A9-A533-4E69-AFC0-EBE49FD18E07}.Release|x86.ActiveCfg = Release|Any CPU
		{0B7F67A9-A533-4E69-AFC0-EBE49FD18E07}.Release|x86.Build.0 = Release|Any CPU
		{0A74730A-7399-4ABD-86EE-F12ACAA446FF}.Debug|Any CPU.ActiveCfg = Debug|Win32
		{0A74730A-7399-4ABD-86EE-F12ACAA446FF}.Debug|x64.ActiveCfg = Debug|x64
		{0A74730A-7399-4ABD-86EE-F12ACAA446FF}.Debug|x64.Build.0 = Debug|x64
		{0A74730A-7399-4ABD-86EE-F12ACAA446FF}.Debug|x86.ActiveCfg = Debug|Win32
		{0A74730A-7399-4ABD-86EE-F12ACAA446FF}.Debug|x86.Build.0 = Debug|Win32
		{0A74730A-7399-4ABD-86EE-F12ACAA446FF}.Release|Any CPU.ActiveCfg = Release|Win32
		{0A74730A-7399-4ABD-86EE-F12ACAA446FF}.Release|x64.ActiveCfg = Release|x64
		{0A74730A-7399-4ABD-86EE-F12ACAA446FF}.Release|x64.Build.0 = Release|x64
		{0A74730A-7399-4ABD-86EE-F12ACAA446FF}.Release|x86.ActiveCfg = Release|Win32
		{0A74730A-7399-4ABD-86EE-F12ACAA446FF}.Release|x86.Build.0 = Release|Win32
		{E0445092-A3C2-46A7-83D7-8CAC3F67A657}.Debug|Any CPU.ActiveCfg = Debug|Any CPU
		{E0445092-A3C2-46A7-83D7-8CAC3F67A657}.Debug|Any CPU.Build.0 = Debug|Any CPU
		{E0445092-A3C2-46A7-83D7-8CAC3F67A657}.Debug|x64.ActiveCfg = Debug|Any CPU
		{E0445092-A3C2-46A7-83D7-8CAC3F67A657}.Debug|x64.Build.0 = Debug|Any CPU
		{E0445092-A3C2-46A7-83D7-8CAC3F67A657}.Debug|x86.ActiveCfg = Debug|Any CPU
		{E0445092-A3C2-46A7-83D7-8CAC3F67A657}.Debug|x86.Build.0 = Debug|Any CPU
		{E0445092-A3C2-46A7-83D7-8CAC3F67A657}.Release|Any CPU.ActiveCfg = Release|Any CPU
		{E0445092-A3C2-46A7-83D7-8CAC3F67A657}.Release|Any CPU.Build.0 = Release|Any CPU
		{E0445092-A3C2-46A7-83D7-8CAC3F67A657}.Release|x64.ActiveCfg = Release|Any CPU
		{E0445092-A3C2-46A7-83D7-8CAC3F67A657}.Release|x64.Build.0 = Release|Any CPU
		{E0445092-A3C2-46A7-83D7-8CAC3F67A657}.Release|x86.ActiveCfg = Release|Any CPU
		{E0445092-A3C2-46A7-83D7-8CAC3F67A657}.Release|x86.Build.0 = Release|Any CPU
		{2C645698-5747-4E59-85A6-2419951F14D3}.Debug|Any CPU.ActiveCfg = Debug|Any CPU
		{2C645698-5747-4E59-85A6-2419951F14D3}.Debug|Any CPU.Build.0 = Debug|Any CPU
		{2C645698-5747-4E59-85A6-2419951F14D3}.Debug|x64.ActiveCfg = Debug|Any CPU
		{2C645698-5747-4E59-85A6-2419951F14D3}.Debug|x64.Build.0 = Debug|Any CPU
		{2C645698-5747-4E59-85A6-2419951F14D3}.Debug|x86.ActiveCfg = Debug|Any CPU
		{2C645698-5747-4E59-85A6-2419951F14D3}.Debug|x86.Build.0 = Debug|Any CPU
		{2C645698-5747-4E59-85A6-2419951F14D3}.Release|Any CPU.ActiveCfg = Release|Any CPU
		{2C645698-5747-4E59-85A6-2419951F14D3}.Release|Any CPU.Build.0 = Release|Any CPU
		{2C645698-5747-4E59-85A6-2419951F14D3}.Release|x64.ActiveCfg = Release|Any CPU
		{2C645698-5747-4E59-85A6-2419951F14D3}.Release|x64.Build.0 = Release|Any CPU
		{2C645698-5747-4E59-85A6-2419951F14D3}.Release|x86.ActiveCfg = Release|Any CPU
		{2C645698-5747-4E59-85A6-2419951F14D3}.Release|x86.Build.0 = Release|Any CPU
	EndGlobalSection
	GlobalSection(SolutionProperties) = preSolution
		HideSolutionNode = FALSE
	EndGlobalSection
	GlobalSection(ExtensibilityGlobals) = postSolution
		SolutionGuid = {8D4BCD36-4769-446D-B01F-61338A105DD4}
	EndGlobalSection
EndGlobal
